
Microsoft Visual Studio Solution File, Format Version 12.00
# Visual Studio Version 17
VisualStudioVersion = 17.5.002.0
MinimumVisualStudioVersion = 10.0.40219.1
Project("{9A19103F-16F7-4668-BE54-9A1E7A4F7556}") = "Task2Project", "Task2Project.csproj", "{E9EA85C3-D413-490F-BD78-36F839FB9F24}"
EndProject
Project("{9A19103F-16F7-4668-BE54-9A1E7A4F7556}") = "Task2", "Task2\Task2.csproj", "{41F127DF-3618-4122-882F-3A523DB13F26}"
EndProject
Global
	GlobalSection(SolutionConfigurationPlatforms) = preSolution
		Debug|Any CPU = Debug|Any CPU
		Release|Any CPU = Release|Any CPU
	EndGlobalSection
	GlobalSection(ProjectConfigurationPlatforms) = postSolution
		{E9EA85C3-D413-490F-BD78-36F839FB9F24}.Debug|Any CPU.ActiveCfg = Debug|Any CPU
		{E9EA85C3-D413-490F-BD78-36F839FB9F24}.Debug|Any CPU.Build.0 = Debug|Any CPU
		{E9EA85C3-D413-490F-BD78-36F839FB9F24}.Release|Any CPU.ActiveCfg = Release|Any CPU
		{E9EA85C3-D413-490F-BD78-36F839FB9F24}.Release|Any CPU.Build.0 = Release|Any CPU
		{41F127DF-3618-4122-882F-3A523DB13F26}.Debug|Any CPU.ActiveCfg = Debug|Any CPU
		{41F127DF-3618-4122-882F-3A523DB13F26}.Debug|Any CPU.Build.0 = Debug|Any CPU
		{41F127DF-3618-4122-882F-3A523DB13F26}.Release|Any CPU.ActiveCfg = Release|Any CPU
		{41F127DF-3618-4122-882F-3A523DB13F26}.Release|Any CPU.Build.0 = Release|Any CPU
	EndGlobalSection
	GlobalSection(SolutionProperties) = preSolution
		HideSolutionNode = FALSE
	EndGlobalSection
	GlobalSection(ExtensibilityGlobals) = postSolution
		SolutionGuid = {0F287A81-17E9-4CEA-AC97-70BFF948C3BA}
	EndGlobalSection
EndGlobal
