
Microsoft Visual Studio Solution File, Format Version 12.00
# Visual Studio Version 17
VisualStudioVersion = 17.5.002.0
MinimumVisualStudioVersion = 10.0.40219.1
Project("{9A19103F-16F7-4668-BE54-9A1E7A4F7556}") = "Task3", "Task3\Task3.csproj", "{617AED26-5D2B-494E-B6B2-74B1C30EB975}"
EndProject
Global
	GlobalSection(SolutionConfigurationPlatforms) = preSolution
		Debug|Any CPU = Debug|Any CPU
		Release|Any CPU = Release|Any CPU
	EndGlobalSection
	GlobalSection(ProjectConfigurationPlatforms) = postSolution
		{617AED26-5D2B-494E-B6B2-74B1C30EB975}.Debug|Any CPU.ActiveCfg = Debug|Any CPU
		{617AED26-5D2B-494E-B6B2-74B1C30EB975}.Debug|Any CPU.Build.0 = Debug|Any CPU
		{617AED26-5D2B-494E-B6B2-74B1C30EB975}.Release|Any CPU.ActiveCfg = Release|Any CPU
		{617AED26-5D2B-494E-B6B2-74B1C30EB975}.Release|Any CPU.Build.0 = Release|Any CPU
	EndGlobalSection
	GlobalSection(SolutionProperties) = preSolution
		HideSolutionNode = FALSE
	EndGlobalSection
	GlobalSection(ExtensibilityGlobals) = postSolution
		SolutionGuid = {FE586343-E58F-4600-94D4-1940D76ECEA6}
	EndGlobalSection
EndGlobal
